
Microsoft Visual Studio Solution File, Format Version 10.00
# Visual Studio 2008
Project("{8BC9CEB8-8B4A-11D0-8D11-00A0C91BC942}") = "maxSumWithNo2ContigiousNumber", "maxSumWithNo2ContigiousNumber\maxSumWithNo2ContigiousNumber.vcproj", "{2A82EDD5-D5B4-40A2-99B9-3832AC3CB888}"
EndProject
Global
	GlobalSection(SolutionConfigurationPlatforms) = preSolution
		Debug|Win32 = Debug|Win32
		Release|Win32 = Release|Win32
	EndGlobalSection
	GlobalSection(ProjectConfigurationPlatforms) = postSolution
		{2A82EDD5-D5B4-40A2-99B9-3832AC3CB888}.Debug|Win32.ActiveCfg = Debug|Win32
		{2A82EDD5-D5B4-40A2-99B9-3832AC3CB888}.Debug|Win32.Build.0 = Debug|Win32
		{2A82EDD5-D5B4-40A2-99B9-3832AC3CB888}.Release|Win32.ActiveCfg = Release|Win32
		{2A82EDD5-D5B4-40A2-99B9-3832AC3CB888}.Release|Win32.Build.0 = Release|Win32
	EndGlobalSection
	GlobalSection(SolutionProperties) = preSolution
		HideSolutionNode = FALSE
	EndGlobalSection
EndGlobal
