
Microsoft Visual Studio Solution File, Format Version 10.00
# Visual Studio 2008
Project("{8BC9CEB8-8B4A-11D0-8D11-00A0C91BC942}") = "dynamic_casting", "dynamic_casting\dynamic_casting.vcproj", "{69534E88-6017-4135-8C44-A9883A9D7137}"
EndProject
Global
	GlobalSection(SolutionConfigurationPlatforms) = preSolution
		Debug|Win32 = Debug|Win32
		Release|Win32 = Release|Win32
	EndGlobalSection
	GlobalSection(ProjectConfigurationPlatforms) = postSolution
		{69534E88-6017-4135-8C44-A9883A9D7137}.Debug|Win32.ActiveCfg = Debug|Win32
		{69534E88-6017-4135-8C44-A9883A9D7137}.Debug|Win32.Build.0 = Debug|Win32
		{69534E88-6017-4135-8C44-A9883A9D7137}.Release|Win32.ActiveCfg = Release|Win32
		{69534E88-6017-4135-8C44-A9883A9D7137}.Release|Win32.Build.0 = Release|Win32
	EndGlobalSection
	GlobalSection(SolutionProperties) = preSolution
		HideSolutionNode = FALSE
	EndGlobalSection
EndGlobal
