
Microsoft Visual Studio Solution File, Format Version 10.00
# Visual Studio 2008
Project("{8BC9CEB8-8B4A-11D0-8D11-00A0C91BC942}") = "graph_basic", "graph_basic\graph_basic.vcproj", "{F4B3A510-ED1C-4927-80D8-DFCFDEAA2331}"
EndProject
Global
	GlobalSection(SolutionConfigurationPlatforms) = preSolution
		Debug|Win32 = Debug|Win32
		Release|Win32 = Release|Win32
	EndGlobalSection
	GlobalSection(ProjectConfigurationPlatforms) = postSolution
		{F4B3A510-ED1C-4927-80D8-DFCFDEAA2331}.Debug|Win32.ActiveCfg = Debug|Win32
		{F4B3A510-ED1C-4927-80D8-DFCFDEAA2331}.Debug|Win32.Build.0 = Debug|Win32
		{F4B3A510-ED1C-4927-80D8-DFCFDEAA2331}.Release|Win32.ActiveCfg = Release|Win32
		{F4B3A510-ED1C-4927-80D8-DFCFDEAA2331}.Release|Win32.Build.0 = Release|Win32
	EndGlobalSection
	GlobalSection(SolutionProperties) = preSolution
		HideSolutionNode = FALSE
	EndGlobalSection
EndGlobal
