
Microsoft Visual Studio Solution File, Format Version 10.00
# Visual Studio 2008
Project("{8BC9CEB8-8B4A-11D0-8D11-00A0C91BC942}") = "vector1", "vector1\vector1.vcproj", "{23A11D05-CC12-4537-A574-C5188963D634}"
EndProject
Global
	GlobalSection(SolutionConfigurationPlatforms) = preSolution
		Debug|Win32 = Debug|Win32
		Release|Win32 = Release|Win32
	EndGlobalSection
	GlobalSection(ProjectConfigurationPlatforms) = postSolution
		{23A11D05-CC12-4537-A574-C5188963D634}.Debug|Win32.ActiveCfg = Debug|Win32
		{23A11D05-CC12-4537-A574-C5188963D634}.Debug|Win32.Build.0 = Debug|Win32
		{23A11D05-CC12-4537-A574-C5188963D634}.Release|Win32.ActiveCfg = Release|Win32
		{23A11D05-CC12-4537-A574-C5188963D634}.Release|Win32.Build.0 = Release|Win32
	EndGlobalSection
	GlobalSection(SolutionProperties) = preSolution
		HideSolutionNode = FALSE
	EndGlobalSection
EndGlobal
